
Microsoft Visual Studio Solution File, Format Version 12.00
Project("{FAE04EC0-301F-11D3-BF4B-00C04F79EFBC}") = "sample-crm", "sample-crm\sample-crm.csproj", "{EDF5F3AE-DE98-46DA-9578-D5A4358AADAC}"
EndProject
Global
	GlobalSection(SolutionConfigurationPlatforms) = preSolution
		Debug|Any CPU = Debug|Any CPU
		Release|Any CPU = Release|Any CPU
	EndGlobalSection
	GlobalSection(ProjectConfigurationPlatforms) = postSolution
		{EDF5F3AE-DE98-46DA-9578-D5A4358AADAC}.Debug|Any CPU.ActiveCfg = Debug|Any CPU
		{EDF5F3AE-DE98-46DA-9578-D5A4358AADAC}.Debug|Any CPU.Build.0 = Debug|Any CPU
		{EDF5F3AE-DE98-46DA-9578-D5A4358AADAC}.Release|Any CPU.ActiveCfg = Release|Any CPU
		{EDF5F3AE-DE98-46DA-9578-D5A4358AADAC}.Release|Any CPU.Build.0 = Release|Any CPU
	EndGlobalSection
EndGlobal
